
Microsoft Visual Studio Solution File, Format Version 12.00
# Visual Studio Version 16
VisualStudioVersion = 16.0.32407.337
MinimumVisualStudioVersion = 10.0.40219.1
Project("{FAE04EC0-301F-11D3-BF4B-00C04F79EFBC}") = "BaseDatos", "EntidadesNegocio\BaseDatos.csproj", "{A36CD13C-33B0-4531-8AB3-B10438B56732}"
EndProject
Project("{FAE04EC0-301F-11D3-BF4B-00C04F79EFBC}") = "LogicaNegocios", "..\LogicaNegocios\LogicaNegocios.csproj", "{7B5519B0-0BD9-47DD-8834-D30578BC231D}"
EndProject
Project("{FAE04EC0-301F-11D3-BF4B-00C04F79EFBC}") = "InterfazUsuario", "InterfazUsuario\InterfazUsuario.csproj", "{86090137-6A63-4CD6-9512-353430B89622}"
EndProject
Global
	GlobalSection(SolutionConfigurationPlatforms) = preSolution
		Debug|Any CPU = Debug|Any CPU
		Release|Any CPU = Release|Any CPU
	EndGlobalSection
	GlobalSection(ProjectConfigurationPlatforms) = postSolution
		{A36CD13C-33B0-4531-8AB3-B10438B56732}.Debug|Any CPU.ActiveCfg = Debug|Any CPU
		{A36CD13C-33B0-4531-8AB3-B10438B56732}.Debug|Any CPU.Build.0 = Debug|Any CPU
		{A36CD13C-33B0-4531-8AB3-B10438B56732}.Release|Any CPU.ActiveCfg = Release|Any CPU
		{A36CD13C-33B0-4531-8AB3-B10438B56732}.Release|Any CPU.Build.0 = Release|Any CPU
		{7B5519B0-0BD9-47DD-8834-D30578BC231D}.Debug|Any CPU.ActiveCfg = Debug|Any CPU
		{7B5519B0-0BD9-47DD-8834-D30578BC231D}.Debug|Any CPU.Build.0 = Debug|Any CPU
		{7B5519B0-0BD9-47DD-8834-D30578BC231D}.Release|Any CPU.ActiveCfg = Release|Any CPU
		{7B5519B0-0BD9-47DD-8834-D30578BC231D}.Release|Any CPU.Build.0 = Release|Any CPU
		{86090137-6A63-4CD6-9512-353430B89622}.Debug|Any CPU.ActiveCfg = Debug|Any CPU
		{86090137-6A63-4CD6-9512-353430B89622}.Debug|Any CPU.Build.0 = Debug|Any CPU
		{86090137-6A63-4CD6-9512-353430B89622}.Release|Any CPU.ActiveCfg = Release|Any CPU
		{86090137-6A63-4CD6-9512-353430B89622}.Release|Any CPU.Build.0 = Release|Any CPU
	EndGlobalSection
	GlobalSection(SolutionProperties) = preSolution
		HideSolutionNode = FALSE
	EndGlobalSection
	GlobalSection(ExtensibilityGlobals) = postSolution
		SolutionGuid = {1625E25A-D3CB-4DAA-89F9-2A30D0879727}
	EndGlobalSection
EndGlobal
