
Microsoft Visual Studio Solution File, Format Version 12.00
# Visual Studio Version 16
VisualStudioVersion = 16.0.32407.337
MinimumVisualStudioVersion = 10.0.40219.1
Project("{FAE04EC0-301F-11D3-BF4B-00C04F79EFBC}") = "BaseDatos", "EntidadesNegocio\BaseDatos.csproj", "{A36CD13C-33B0-4531-8AB3-B10438B56732}"
EndProject
Project("{9A19103F-16F7-4668-BE54-9A1E7A4F7556}") = "InterfazUsuario", "InterfazUsuario\InterfazUsuario.csproj", "{86090137-6A63-4CD6-9512-353430B89622}"
EndProject
Project("{FAE04EC0-301F-11D3-BF4B-00C04F79EFBC}") = "LogicaNegocios", "LogicaNegocios\LogicaNegocios.csproj", "{48858175-0905-4336-8E23-B8D50F15B4FC}"
EndProject
Project("{FAE04EC0-301F-11D3-BF4B-00C04F79EFBC}") = "EntidadesDeNegocio", "EntidadesDeNegocio\EntidadesDeNegocio.csproj", "{80DAD431-22B6-4756-A81C-ACB6D7F915C5}"
EndProject
Global
	GlobalSection(SolutionConfigurationPlatforms) = preSolution
		Debug|Any CPU = Debug|Any CPU
		Release|Any CPU = Release|Any CPU
	EndGlobalSection
	GlobalSection(ProjectConfigurationPlatforms) = postSolution
		{A36CD13C-33B0-4531-8AB3-B10438B56732}.Debug|Any CPU.ActiveCfg = Debug|Any CPU
		{A36CD13C-33B0-4531-8AB3-B10438B56732}.Debug|Any CPU.Build.0 = Debug|Any CPU
		{A36CD13C-33B0-4531-8AB3-B10438B56732}.Release|Any CPU.ActiveCfg = Release|Any CPU
		{A36CD13C-33B0-4531-8AB3-B10438B56732}.Release|Any CPU.Build.0 = Release|Any CPU
		{86090137-6A63-4CD6-9512-353430B89622}.Debug|Any CPU.ActiveCfg = Debug|Any CPU
		{86090137-6A63-4CD6-9512-353430B89622}.Debug|Any CPU.Build.0 = Debug|Any CPU
		{86090137-6A63-4CD6-9512-353430B89622}.Release|Any CPU.ActiveCfg = Release|Any CPU
		{86090137-6A63-4CD6-9512-353430B89622}.Release|Any CPU.Build.0 = Release|Any CPU
		{48858175-0905-4336-8E23-B8D50F15B4FC}.Debug|Any CPU.ActiveCfg = Debug|Any CPU
		{48858175-0905-4336-8E23-B8D50F15B4FC}.Debug|Any CPU.Build.0 = Debug|Any CPU
		{48858175-0905-4336-8E23-B8D50F15B4FC}.Release|Any CPU.ActiveCfg = Release|Any CPU
		{48858175-0905-4336-8E23-B8D50F15B4FC}.Release|Any CPU.Build.0 = Release|Any CPU
		{80DAD431-22B6-4756-A81C-ACB6D7F915C5}.Debug|Any CPU.ActiveCfg = Debug|Any CPU
		{80DAD431-22B6-4756-A81C-ACB6D7F915C5}.Debug|Any CPU.Build.0 = Debug|Any CPU
		{80DAD431-22B6-4756-A81C-ACB6D7F915C5}.Release|Any CPU.ActiveCfg = Release|Any CPU
		{80DAD431-22B6-4756-A81C-ACB6D7F915C5}.Release|Any CPU.Build.0 = Release|Any CPU
	EndGlobalSection
	GlobalSection(SolutionProperties) = preSolution
		HideSolutionNode = FALSE
	EndGlobalSection
	GlobalSection(ExtensibilityGlobals) = postSolution
		SolutionGuid = {1625E25A-D3CB-4DAA-89F9-2A30D0879727}
	EndGlobalSection
EndGlobal
